// !$*UTF8*$!
{
	archiveVersion = 1;
	classes = {
	};
	objectVersion = 56;
	objects = {

/* Begin PBXBuildFile section */
		0B0457DF2C1F286D00E341EF /* TextSelectionBootcamp.swift in Sources */ = {isa = PBXBuildFile; fileRef = 0B0457DE2C1F286D00E341EF /* TextSelectionBootcamp.swift */; };
		0B051D742C205D2E00C7802E /* ButtonStylesBootcamp.swift in Sources */ = {isa = PBXBuildFile; fileRef = 0B051D732C205D2E00C7802E /* ButtonStylesBootcamp.swift */; };
		0B072BD22B54340000242201 /* Stacks.swift in Sources */ = {isa = PBXBuildFile; fileRef = 0B072BD12B54340000242201 /* Stacks.swift */; };
		0B072BD52B543ED000242201 /* Padding.swift in Sources */ = {isa = PBXBuildFile; fileRef = 0B072BD42B543ED000242201 /* Padding.swift */; };
		0B0828662B734591007E6A58 /* BindingBootcamp.swift in Sources */ = {isa = PBXBuildFile; fileRef = 0B0828652B734591007E6A58 /* BindingBootcamp.swift */; };
		0B0828692B735505007E6A58 /* ConditionalBootcamp.swift in Sources */ = {isa = PBXBuildFile; fileRef = 0B0828682B735505007E6A58 /* ConditionalBootcamp.swift */; };
		0B13C9CF2B9DE5D100984A6C /* OnAppearBootcamp.swift in Sources */ = {isa = PBXBuildFile; fileRef = 0B13C9CE2B9DE5D100984A6C /* OnAppearBootcamp.swift */; };
		0B200DF72C458DCC00BFDD93 /* ToDoListView.swift in Sources */ = {isa = PBXBuildFile; fileRef = 0B200DF62C458DCC00BFDD93 /* ToDoListView.swift */; };
		0B2DD8362B51CA84002401EB /* Gradients.swift in Sources */ = {isa = PBXBuildFile; fileRef = 0B2DD8352B51CA84002401EB /* Gradients.swift */; };
		0B2DD8392B51D1D1002401EB /* SystemIcons.swift in Sources */ = {isa = PBXBuildFile; fileRef = 0B2DD8382B51D1D1002401EB /* SystemIcons.swift */; };
		0B2DD83C2B51DA23002401EB /* Images.swift in Sources */ = {isa = PBXBuildFile; fileRef = 0B2DD83B2B51DA23002401EB /* Images.swift */; };
		0B2F78FD2B5F8DEF00016AD0 /* GridsBootcamp.swift in Sources */ = {isa = PBXBuildFile; fileRef = 0B2F78FC2B5F8DEF00016AD0 /* GridsBootcamp.swift */; };
		0B3269BD2BAEFD38004FE1FB /* CustomModelBootcamp.swift in Sources */ = {isa = PBXBuildFile; fileRef = 0B3269BC2BAEFD38004FE1FB /* CustomModelBootcamp.swift */; };
		0B3269C02BAF17D1004FE1FB /* ViewModelBootcamp.swift in Sources */ = {isa = PBXBuildFile; fileRef = 0B3269BF2BAF17D1004FE1FB /* ViewModelBootcamp.swift */; };
		0B3269C32BAF288B004FE1FB /* EnvironmentObjectBootcamp.swift in Sources */ = {isa = PBXBuildFile; fileRef = 0B3269C22BAF288B004FE1FB /* EnvironmentObjectBootcamp.swift */; };
		0B3CEE8B2B6FE9E3002FB591 /* StateBootcamp.swift in Sources */ = {isa = PBXBuildFile; fileRef = 0B3CEE8A2B6FE9E3002FB591 /* StateBootcamp.swift */; };
		0B3CEE8E2B6FF0F9002FB591 /* ExtractingFunctionsAndSubviewsBootcamp.swift in Sources */ = {isa = PBXBuildFile; fileRef = 0B3CEE8D2B6FF0F9002FB591 /* ExtractingFunctionsAndSubviewsBootcamp.swift */; };
		0B3CEE912B6FF6E1002FB591 /* ExtractingViewsBootcamp.swift in Sources */ = {isa = PBXBuildFile; fileRef = 0B3CEE902B6FF6E1002FB591 /* ExtractingViewsBootcamp.swift */; };
		0B3D72C42BB850EB002B06F2 /* ProfileView.swift in Sources */ = {isa = PBXBuildFile; fileRef = 0B3D72C32BB850EB002B06F2 /* ProfileView.swift */; };
		0B4F6B242C45BBA300747E5E /* ToDoAddView.swift in Sources */ = {isa = PBXBuildFile; fileRef = 0B4F6B232C45BBA300747E5E /* ToDoAddView.swift */; };
		0B4F6B262C45C58700747E5E /* ToDoListRowView.swift in Sources */ = {isa = PBXBuildFile; fileRef = 0B4F6B252C45C58700747E5E /* ToDoListRowView.swift */; };
		0B51617C2B52F332002913EE /* Frame.swift in Sources */ = {isa = PBXBuildFile; fileRef = 0B51617B2B52F332002913EE /* Frame.swift */; };
		0B51617F2B5302FF002913EE /* BackgroundAndOverlay.swift in Sources */ = {isa = PBXBuildFile; fileRef = 0B51617E2B5302FF002913EE /* BackgroundAndOverlay.swift */; };
		0B5B02B32B4A879100C97EA8 /* SwiftfullThinkingBootcampApp.swift in Sources */ = {isa = PBXBuildFile; fileRef = 0B5B02B22B4A879100C97EA8 /* SwiftfullThinkingBootcampApp.swift */; };
		0B5B02B52B4A879100C97EA8 /* ContentView.swift in Sources */ = {isa = PBXBuildFile; fileRef = 0B5B02B42B4A879100C97EA8 /* ContentView.swift */; };
		0B5B02B72B4A879200C97EA8 /* Assets.xcassets in Resources */ = {isa = PBXBuildFile; fileRef = 0B5B02B62B4A879200C97EA8 /* Assets.xcassets */; };
		0B5B02BA2B4A879200C97EA8 /* Preview Assets.xcassets in Resources */ = {isa = PBXBuildFile; fileRef = 0B5B02B92B4A879200C97EA8 /* Preview Assets.xcassets */; };
		0B5B02C12B4AA19A00C97EA8 /* ShapesBootcamp.swift in Sources */ = {isa = PBXBuildFile; fileRef = 0B5B02C02B4AA19A00C97EA8 /* ShapesBootcamp.swift */; };
		0B5B02C32B4ABAA700C97EA8 /* ColorsBootcamp.swift in Sources */ = {isa = PBXBuildFile; fileRef = 0B5B02C22B4ABAA700C97EA8 /* ColorsBootcamp.swift */; };
		0B6559402C429BD700B82F16 /* ContentUnavaliableViewBootcamp.swift in Sources */ = {isa = PBXBuildFile; fileRef = 0B65593F2C429BD700B82F16 /* ContentUnavaliableViewBootcamp.swift */; };
		0B6559432C429FE800B82F16 /* ControlGroupBootcamp.swift in Sources */ = {isa = PBXBuildFile; fileRef = 0B6559422C429FE800B82F16 /* ControlGroupBootcamp.swift */; };
		0B6ED5542BB16AF500B29ABE /* OnboardingView.swift in Sources */ = {isa = PBXBuildFile; fileRef = 0B6ED5532BB16AF500B29ABE /* OnboardingView.swift */; };
		0B7205992B937950006B6BB9 /* ListBootcamp.swift in Sources */ = {isa = PBXBuildFile; fileRef = 0B7205982B937950006B6BB9 /* ListBootcamp.swift */; };
		0B755D612B8FC2F6004B57EC /* NavigationViewBootcamp.swift in Sources */ = {isa = PBXBuildFile; fileRef = 0B755D602B8FC2F6004B57EC /* NavigationViewBootcamp.swift */; };
		0B80D2FE2B964BAB00376FF0 /* AlertBootcamp.swift in Sources */ = {isa = PBXBuildFile; fileRef = 0B80D2FD2B964BAB00376FF0 /* AlertBootcamp.swift */; };
		0B8249D42B99AE150034DD01 /* ToggleBootcamp.swift in Sources */ = {isa = PBXBuildFile; fileRef = 0B8249D32B99AE150034DD01 /* ToggleBootcamp.swift */; };
		0B9120282B9B2BBD0086E593 /* PickerBootcamp.swift in Sources */ = {isa = PBXBuildFile; fileRef = 0B9120272B9B2BBD0086E593 /* PickerBootcamp.swift */; };
		0B91202B2B9B351A0086E593 /* ColorPickerBootcamp.swift in Sources */ = {isa = PBXBuildFile; fileRef = 0B91202A2B9B351A0086E593 /* ColorPickerBootcamp.swift */; };
		0B91202E2B9C880A0086E593 /* DatePickerBootcamp.swift in Sources */ = {isa = PBXBuildFile; fileRef = 0B91202D2B9C880A0086E593 /* DatePickerBootcamp.swift */; };
		0B9120312B9C91BE0086E593 /* StepperBootcamp.swift in Sources */ = {isa = PBXBuildFile; fileRef = 0B9120302B9C91BE0086E593 /* StepperBootcamp.swift */; };
		0B9120342B9C98800086E593 /* SliderBootcamp.swift in Sources */ = {isa = PBXBuildFile; fileRef = 0B9120332B9C98800086E593 /* SliderBootcamp.swift */; };
		0B9120372B9CC4AA0086E593 /* TabViewBootcamp.swift in Sources */ = {isa = PBXBuildFile; fileRef = 0B9120362B9CC4AA0086E593 /* TabViewBootcamp.swift */; };
		0B91203A2B9D9D670086E593 /* AdaptingDarkMode.swift in Sources */ = {isa = PBXBuildFile; fileRef = 0B9120392B9D9D670086E593 /* AdaptingDarkMode.swift */; };
		0B91203D2B9DB9E00086E593 /* DocumentationBootcamp.swift in Sources */ = {isa = PBXBuildFile; fileRef = 0B91203C2B9DB9E00086E593 /* DocumentationBootcamp.swift */; };
		0B9D5E292C1E18640021597F /* AsyncImageBootcamp.swift in Sources */ = {isa = PBXBuildFile; fileRef = 0B9D5E282C1E18640021597F /* AsyncImageBootcamp.swift */; };
		0B9D5E2C2C1E1DBF0021597F /* BackgroundMaterialsBootcamp.swift in Sources */ = {isa = PBXBuildFile; fileRef = 0B9D5E2B2C1E1DBF0021597F /* BackgroundMaterialsBootcamp.swift */; };
		0BA2A83E2B9DF4B800F14E94 /* TapGestureBootcamp.swift in Sources */ = {isa = PBXBuildFile; fileRef = 0BA2A83D2B9DF4B800F14E94 /* TapGestureBootcamp.swift */; };
		0BA509382B8B2D4700546313 /* TernaryOperators.swift in Sources */ = {isa = PBXBuildFile; fileRef = 0BA509372B8B2D4700546313 /* TernaryOperators.swift */; };
		0BA5093B2B8B463E00546313 /* AnimationsBootcamp.swift in Sources */ = {isa = PBXBuildFile; fileRef = 0BA5093A2B8B463E00546313 /* AnimationsBootcamp.swift */; };
		0BA5093F2B8B621F00546313 /* TransitionsBootcamp.swift in Sources */ = {isa = PBXBuildFile; fileRef = 0BA5093E2B8B621F00546313 /* TransitionsBootcamp.swift */; };
		0BAB03E02C42B00A00AD4EBD /* ObservableBootcamp.swift in Sources */ = {isa = PBXBuildFile; fileRef = 0BAB03DF2C42B00A00AD4EBD /* ObservableBootcamp.swift */; };
		0BB00CEB2BB0C1350080B2DE /* InitialView.swift in Sources */ = {isa = PBXBuildFile; fileRef = 0BB00CEA2BB0C1350080B2DE /* InitialView.swift */; };
		0BB37AC32B983F7F006DE6D4 /* ActionSheetBootcamp.swift in Sources */ = {isa = PBXBuildFile; fileRef = 0BB37AC22B983F7F006DE6D4 /* ActionSheetBootcamp.swift */; };
		0BC7CA012B8B882400E3AE5F /* SheetBootcamp.swift in Sources */ = {isa = PBXBuildFile; fileRef = 0BC7CA002B8B882400E3AE5F /* SheetBootcamp.swift */; };
		0BC7CA042B8B935A00E3AE5F /* SheetVsTransitionVsAnimation.swift in Sources */ = {isa = PBXBuildFile; fileRef = 0BC7CA032B8B935A00E3AE5F /* SheetVsTransitionVsAnimation.swift */; };
		0BD82EEB2C26B639008E6F96 /* NavigationSplitViewBootcamp.swift in Sources */ = {isa = PBXBuildFile; fileRef = 0BD82EEA2C26B639008E6F96 /* NavigationSplitViewBootcamp.swift */; };
		0BD8FBC92B66B2C800424BB6 /* SafeAreaBootcamp.swift in Sources */ = {isa = PBXBuildFile; fileRef = 0BD8FBC82B66B2C800424BB6 /* SafeAreaBootcamp.swift */; };
		0BD8FBCC2B66B69E00424BB6 /* ButtonBootcamp.swift in Sources */ = {isa = PBXBuildFile; fileRef = 0BD8FBCB2B66B69E00424BB6 /* ButtonBootcamp.swift */; };
		0BE62AC42C22DA1F00061C8A /* FocusStateBootcamp.swift in Sources */ = {isa = PBXBuildFile; fileRef = 0BE62AC32C22DA1F00061C8A /* FocusStateBootcamp.swift */; };
		0BE62AC72C22F16B00061C8A /* SubmitButtonBootcamp.swift in Sources */ = {isa = PBXBuildFile; fileRef = 0BE62AC62C22F16B00061C8A /* SubmitButtonBootcamp.swift */; };
		0BE62ACA2C22FE7B00061C8A /* NavigationStackBootcamp.swift in Sources */ = {isa = PBXBuildFile; fileRef = 0BE62AC92C22FE7B00061C8A /* NavigationStackBootcamp.swift */; };
		0BE62ACD2C23194300061C8A /* ToolBarBootcamp.swift in Sources */ = {isa = PBXBuildFile; fileRef = 0BE62ACC2C23194300061C8A /* ToolBarBootcamp.swift */; };
		0BE781BC2C243AE600EC05E6 /* ResizableSheetsBootcamp.swift in Sources */ = {isa = PBXBuildFile; fileRef = 0BE781BB2C243AE600EC05E6 /* ResizableSheetsBootcamp.swift */; };
		0BE781BF2C2444DB00EC05E6 /* SafeAreaInsets.swift in Sources */ = {isa = PBXBuildFile; fileRef = 0BE781BE2C2444DB00EC05E6 /* SafeAreaInsets.swift */; };
		0BE781C22C24500300EC05E6 /* GroupBootcamp.swift in Sources */ = {isa = PBXBuildFile; fileRef = 0BE781C12C24500300EC05E6 /* GroupBootcamp.swift */; };
		0BE781C82C245DEA00EC05E6 /* MenuBootcamp.swift in Sources */ = {isa = PBXBuildFile; fileRef = 0BE781C72C245DEA00EC05E6 /* MenuBootcamp.swift */; };
		0BE781CB2C247D8900EC05E6 /* PopoverBootcamp.swift in Sources */ = {isa = PBXBuildFile; fileRef = 0BE781CA2C247D8900EC05E6 /* PopoverBootcamp.swift */; };
		0BE781CE2C24870B00EC05E6 /* AnyLayoutBootcamp.swift in Sources */ = {isa = PBXBuildFile; fileRef = 0BE781CD2C24870B00EC05E6 /* AnyLayoutBootcamp.swift */; };
		0BE781D12C248E8700EC05E6 /* ViewThatFitsBootcamp.swift in Sources */ = {isa = PBXBuildFile; fileRef = 0BE781D02C248E8700EC05E6 /* ViewThatFitsBootcamp.swift */; };
		0BEB1BDD2C2071BE00255BF0 /* SwipeActionsBootcamp.swift in Sources */ = {isa = PBXBuildFile; fileRef = 0BEB1BDC2C2071BE00255BF0 /* SwipeActionsBootcamp.swift */; };
		0BEB1BE02C209E1100255BF0 /* BadgesBootcamp.swift in Sources */ = {isa = PBXBuildFile; fileRef = 0BEB1BDF2C209E1100255BF0 /* BadgesBootcamp.swift */; };
		0BEC4D7C2B98D8E800487064 /* ContextMenuBootcamp.swift in Sources */ = {isa = PBXBuildFile; fileRef = 0BEC4D7B2B98D8E800487064 /* ContextMenuBootcamp.swift */; };
		0BEC4D7F2B98F33C00487064 /* TextFieldBootcamp.swift in Sources */ = {isa = PBXBuildFile; fileRef = 0BEC4D7E2B98F33C00487064 /* TextFieldBootcamp.swift */; };
		0BEC4D822B98FD7F00487064 /* TextEditorBootcamp.swift in Sources */ = {isa = PBXBuildFile; fileRef = 0BEC4D812B98FD7F00487064 /* TextEditorBootcamp.swift */; };
		0BF81FE22B5ECF130017DF91 /* Spacer_Bootcamp.swift in Sources */ = {isa = PBXBuildFile; fileRef = 0BF81FE12B5ECF130017DF91 /* Spacer_Bootcamp.swift */; };
		0BF81FE52B5ED15C0017DF91 /* InitsAndEmuns.swift in Sources */ = {isa = PBXBuildFile; fileRef = 0BF81FE42B5ED15C0017DF91 /* InitsAndEmuns.swift */; };
		0BF81FE82B5EDDB90017DF91 /* ForEachBootcamp.swift in Sources */ = {isa = PBXBuildFile; fileRef = 0BF81FE72B5EDDB90017DF91 /* ForEachBootcamp.swift */; };
		0BF81FEB2B5EEF5D0017DF91 /* ScrollViewBootcamp.swift in Sources */ = {isa = PBXBuildFile; fileRef = 0BF81FEA2B5EEF5D0017DF91 /* ScrollViewBootcamp.swift */; };
		0BFF07A02BB0443500C892DB /* AppStorageBootcamp.swift in Sources */ = {isa = PBXBuildFile; fileRef = 0BFF079F2BB0443500C892DB /* AppStorageBootcamp.swift */; };
/* End PBXBuildFile section */

/* Begin PBXFileReference section */
		0B0457DE2C1F286D00E341EF /* TextSelectionBootcamp.swift */ = {isa = PBXFileReference; lastKnownFileType = sourcecode.swift; path = TextSelectionBootcamp.swift; sourceTree = "<group>"; };
		0B051D732C205D2E00C7802E /* ButtonStylesBootcamp.swift */ = {isa = PBXFileReference; lastKnownFileType = sourcecode.swift; path = ButtonStylesBootcamp.swift; sourceTree = "<group>"; };
		0B072BD12B54340000242201 /* Stacks.swift */ = {isa = PBXFileReference; lastKnownFileType = sourcecode.swift; path = Stacks.swift; sourceTree = "<group>"; };
		0B072BD42B543ED000242201 /* Padding.swift */ = {isa = PBXFileReference; lastKnownFileType = sourcecode.swift; path = Padding.swift; sourceTree = "<group>"; };
		0B0828652B734591007E6A58 /* BindingBootcamp.swift */ = {isa = PBXFileReference; lastKnownFileType = sourcecode.swift; path = BindingBootcamp.swift; sourceTree = "<group>"; };
		0B0828682B735505007E6A58 /* ConditionalBootcamp.swift */ = {isa = PBXFileReference; lastKnownFileType = sourcecode.swift; path = ConditionalBootcamp.swift; sourceTree = "<group>"; };
		0B13C9CE2B9DE5D100984A6C /* OnAppearBootcamp.swift */ = {isa = PBXFileReference; lastKnownFileType = sourcecode.swift; path = OnAppearBootcamp.swift; sourceTree = "<group>"; };
		0B200DF62C458DCC00BFDD93 /* ToDoListView.swift */ = {isa = PBXFileReference; lastKnownFileType = sourcecode.swift; path = ToDoListView.swift; sourceTree = "<group>"; };
		0B2DD8352B51CA84002401EB /* Gradients.swift */ = {isa = PBXFileReference; lastKnownFileType = sourcecode.swift; path = Gradients.swift; sourceTree = "<group>"; };
		0B2DD8382B51D1D1002401EB /* SystemIcons.swift */ = {isa = PBXFileReference; lastKnownFileType = sourcecode.swift; path = SystemIcons.swift; sourceTree = "<group>"; };
		0B2DD83B2B51DA23002401EB /* Images.swift */ = {isa = PBXFileReference; lastKnownFileType = sourcecode.swift; path = Images.swift; sourceTree = "<group>"; };
		0B2F78FC2B5F8DEF00016AD0 /* GridsBootcamp.swift */ = {isa = PBXFileReference; lastKnownFileType = sourcecode.swift; path = GridsBootcamp.swift; sourceTree = "<group>"; };
		0B3269BC2BAEFD38004FE1FB /* CustomModelBootcamp.swift */ = {isa = PBXFileReference; lastKnownFileType = sourcecode.swift; path = CustomModelBootcamp.swift; sourceTree = "<group>"; };
		0B3269BF2BAF17D1004FE1FB /* ViewModelBootcamp.swift */ = {isa = PBXFileReference; lastKnownFileType = sourcecode.swift; path = ViewModelBootcamp.swift; sourceTree = "<group>"; };
		0B3269C22BAF288B004FE1FB /* EnvironmentObjectBootcamp.swift */ = {isa = PBXFileReference; lastKnownFileType = sourcecode.swift; path = EnvironmentObjectBootcamp.swift; sourceTree = "<group>"; };
		0B3CEE8A2B6FE9E3002FB591 /* StateBootcamp.swift */ = {isa = PBXFileReference; lastKnownFileType = sourcecode.swift; path = StateBootcamp.swift; sourceTree = "<group>"; };
		0B3CEE8D2B6FF0F9002FB591 /* ExtractingFunctionsAndSubviewsBootcamp.swift */ = {isa = PBXFileReference; lastKnownFileType = sourcecode.swift; path = ExtractingFunctionsAndSubviewsBootcamp.swift; sourceTree = "<group>"; };
		0B3CEE902B6FF6E1002FB591 /* ExtractingViewsBootcamp.swift */ = {isa = PBXFileReference; lastKnownFileType = sourcecode.swift; path = ExtractingViewsBootcamp.swift; sourceTree = "<group>"; };
		0B3D72C32BB850EB002B06F2 /* ProfileView.swift */ = {isa = PBXFileReference; lastKnownFileType = sourcecode.swift; path = ProfileView.swift; sourceTree = "<group>"; };
		0B4F6B232C45BBA300747E5E /* ToDoAddView.swift */ = {isa = PBXFileReference; lastKnownFileType = sourcecode.swift; path = ToDoAddView.swift; sourceTree = "<group>"; };
		0B4F6B252C45C58700747E5E /* ToDoListRowView.swift */ = {isa = PBXFileReference; lastKnownFileType = sourcecode.swift; path = ToDoListRowView.swift; sourceTree = "<group>"; };
		0B51617B2B52F332002913EE /* Frame.swift */ = {isa = PBXFileReference; lastKnownFileType = sourcecode.swift; path = Frame.swift; sourceTree = "<group>"; };
		0B51617E2B5302FF002913EE /* BackgroundAndOverlay.swift */ = {isa = PBXFileReference; lastKnownFileType = sourcecode.swift; path = BackgroundAndOverlay.swift; sourceTree = "<group>"; };
		0B5B02AF2B4A879100C97EA8 /* SwiftfullThinkingBootcamp.app */ = {isa = PBXFileReference; explicitFileType = wrapper.application; includeInIndex = 0; path = SwiftfullThinkingBootcamp.app; sourceTree = BUILT_PRODUCTS_DIR; };
		0B5B02B22B4A879100C97EA8 /* SwiftfullThinkingBootcampApp.swift */ = {isa = PBXFileReference; lastKnownFileType = sourcecode.swift; path = SwiftfullThinkingBootcampApp.swift; sourceTree = "<group>"; };
		0B5B02B42B4A879100C97EA8 /* ContentView.swift */ = {isa = PBXFileReference; lastKnownFileType = sourcecode.swift; path = ContentView.swift; sourceTree = "<group>"; };
		0B5B02B62B4A879200C97EA8 /* Assets.xcassets */ = {isa = PBXFileReference; lastKnownFileType = folder.assetcatalog; path = Assets.xcassets; sourceTree = "<group>"; };
		0B5B02B92B4A879200C97EA8 /* Preview Assets.xcassets */ = {isa = PBXFileReference; lastKnownFileType = folder.assetcatalog; path = "Preview Assets.xcassets"; sourceTree = "<group>"; };
		0B5B02C02B4AA19A00C97EA8 /* ShapesBootcamp.swift */ = {isa = PBXFileReference; lastKnownFileType = sourcecode.swift; path = ShapesBootcamp.swift; sourceTree = "<group>"; };
		0B5B02C22B4ABAA700C97EA8 /* ColorsBootcamp.swift */ = {isa = PBXFileReference; lastKnownFileType = sourcecode.swift; path = ColorsBootcamp.swift; sourceTree = "<group>"; };
		0B65593F2C429BD700B82F16 /* ContentUnavaliableViewBootcamp.swift */ = {isa = PBXFileReference; lastKnownFileType = sourcecode.swift; path = ContentUnavaliableViewBootcamp.swift; sourceTree = "<group>"; };
		0B6559422C429FE800B82F16 /* ControlGroupBootcamp.swift */ = {isa = PBXFileReference; lastKnownFileType = sourcecode.swift; path = ControlGroupBootcamp.swift; sourceTree = "<group>"; };
		0B6ED5532BB16AF500B29ABE /* OnboardingView.swift */ = {isa = PBXFileReference; lastKnownFileType = sourcecode.swift; path = OnboardingView.swift; sourceTree = "<group>"; };
		0B7205982B937950006B6BB9 /* ListBootcamp.swift */ = {isa = PBXFileReference; lastKnownFileType = sourcecode.swift; path = ListBootcamp.swift; sourceTree = "<group>"; };
		0B755D602B8FC2F6004B57EC /* NavigationViewBootcamp.swift */ = {isa = PBXFileReference; lastKnownFileType = sourcecode.swift; path = NavigationViewBootcamp.swift; sourceTree = "<group>"; };
		0B80D2FD2B964BAB00376FF0 /* AlertBootcamp.swift */ = {isa = PBXFileReference; lastKnownFileType = sourcecode.swift; path = AlertBootcamp.swift; sourceTree = "<group>"; };
		0B8249D32B99AE150034DD01 /* ToggleBootcamp.swift */ = {isa = PBXFileReference; lastKnownFileType = sourcecode.swift; path = ToggleBootcamp.swift; sourceTree = "<group>"; };
		0B9120272B9B2BBD0086E593 /* PickerBootcamp.swift */ = {isa = PBXFileReference; lastKnownFileType = sourcecode.swift; path = PickerBootcamp.swift; sourceTree = "<group>"; };
		0B91202A2B9B351A0086E593 /* ColorPickerBootcamp.swift */ = {isa = PBXFileReference; lastKnownFileType = sourcecode.swift; path = ColorPickerBootcamp.swift; sourceTree = "<group>"; };
		0B91202D2B9C880A0086E593 /* DatePickerBootcamp.swift */ = {isa = PBXFileReference; lastKnownFileType = sourcecode.swift; path = DatePickerBootcamp.swift; sourceTree = "<group>"; };
		0B9120302B9C91BE0086E593 /* StepperBootcamp.swift */ = {isa = PBXFileReference; lastKnownFileType = sourcecode.swift; path = StepperBootcamp.swift; sourceTree = "<group>"; };
		0B9120332B9C98800086E593 /* SliderBootcamp.swift */ = {isa = PBXFileReference; lastKnownFileType = sourcecode.swift; path = SliderBootcamp.swift; sourceTree = "<group>"; };
		0B9120362B9CC4AA0086E593 /* TabViewBootcamp.swift */ = {isa = PBXFileReference; lastKnownFileType = sourcecode.swift; path = TabViewBootcamp.swift; sourceTree = "<group>"; };
		0B9120392B9D9D670086E593 /* AdaptingDarkMode.swift */ = {isa = PBXFileReference; lastKnownFileType = sourcecode.swift; path = AdaptingDarkMode.swift; sourceTree = "<group>"; };
		0B91203C2B9DB9E00086E593 /* DocumentationBootcamp.swift */ = {isa = PBXFileReference; lastKnownFileType = sourcecode.swift; path = DocumentationBootcamp.swift; sourceTree = "<group>"; };
		0B9D5E282C1E18640021597F /* AsyncImageBootcamp.swift */ = {isa = PBXFileReference; lastKnownFileType = sourcecode.swift; path = AsyncImageBootcamp.swift; sourceTree = "<group>"; };
		0B9D5E2B2C1E1DBF0021597F /* BackgroundMaterialsBootcamp.swift */ = {isa = PBXFileReference; lastKnownFileType = sourcecode.swift; path = BackgroundMaterialsBootcamp.swift; sourceTree = "<group>"; };
		0BA2A83D2B9DF4B800F14E94 /* TapGestureBootcamp.swift */ = {isa = PBXFileReference; lastKnownFileType = sourcecode.swift; path = TapGestureBootcamp.swift; sourceTree = "<group>"; };
		0BA509372B8B2D4700546313 /* TernaryOperators.swift */ = {isa = PBXFileReference; lastKnownFileType = sourcecode.swift; path = TernaryOperators.swift; sourceTree = "<group>"; };
		0BA5093A2B8B463E00546313 /* AnimationsBootcamp.swift */ = {isa = PBXFileReference; lastKnownFileType = sourcecode.swift; path = AnimationsBootcamp.swift; sourceTree = "<group>"; };
		0BA5093E2B8B621F00546313 /* TransitionsBootcamp.swift */ = {isa = PBXFileReference; lastKnownFileType = sourcecode.swift; path = TransitionsBootcamp.swift; sourceTree = "<group>"; };
		0BAB03DF2C42B00A00AD4EBD /* ObservableBootcamp.swift */ = {isa = PBXFileReference; lastKnownFileType = sourcecode.swift; path = ObservableBootcamp.swift; sourceTree = "<group>"; };
		0BB00CEA2BB0C1350080B2DE /* InitialView.swift */ = {isa = PBXFileReference; lastKnownFileType = sourcecode.swift; path = InitialView.swift; sourceTree = "<group>"; };
		0BB37AC22B983F7F006DE6D4 /* ActionSheetBootcamp.swift */ = {isa = PBXFileReference; lastKnownFileType = sourcecode.swift; path = ActionSheetBootcamp.swift; sourceTree = "<group>"; };
		0BC7CA002B8B882400E3AE5F /* SheetBootcamp.swift */ = {isa = PBXFileReference; lastKnownFileType = sourcecode.swift; path = SheetBootcamp.swift; sourceTree = "<group>"; };
		0BC7CA032B8B935A00E3AE5F /* SheetVsTransitionVsAnimation.swift */ = {isa = PBXFileReference; lastKnownFileType = sourcecode.swift; path = SheetVsTransitionVsAnimation.swift; sourceTree = "<group>"; };
		0BD82EEA2C26B639008E6F96 /* NavigationSplitViewBootcamp.swift */ = {isa = PBXFileReference; lastKnownFileType = sourcecode.swift; path = NavigationSplitViewBootcamp.swift; sourceTree = "<group>"; };
		0BD8FBC82B66B2C800424BB6 /* SafeAreaBootcamp.swift */ = {isa = PBXFileReference; lastKnownFileType = sourcecode.swift; path = SafeAreaBootcamp.swift; sourceTree = "<group>"; };
		0BD8FBCB2B66B69E00424BB6 /* ButtonBootcamp.swift */ = {isa = PBXFileReference; lastKnownFileType = sourcecode.swift; path = ButtonBootcamp.swift; sourceTree = "<group>"; };
		0BE62AC32C22DA1F00061C8A /* FocusStateBootcamp.swift */ = {isa = PBXFileReference; lastKnownFileType = sourcecode.swift; path = FocusStateBootcamp.swift; sourceTree = "<group>"; };
		0BE62AC62C22F16B00061C8A /* SubmitButtonBootcamp.swift */ = {isa = PBXFileReference; lastKnownFileType = sourcecode.swift; path = SubmitButtonBootcamp.swift; sourceTree = "<group>"; };
		0BE62AC92C22FE7B00061C8A /* NavigationStackBootcamp.swift */ = {isa = PBXFileReference; lastKnownFileType = sourcecode.swift; path = NavigationStackBootcamp.swift; sourceTree = "<group>"; };
		0BE62ACC2C23194300061C8A /* ToolBarBootcamp.swift */ = {isa = PBXFileReference; lastKnownFileType = sourcecode.swift; path = ToolBarBootcamp.swift; sourceTree = "<group>"; };
		0BE781BB2C243AE600EC05E6 /* ResizableSheetsBootcamp.swift */ = {isa = PBXFileReference; lastKnownFileType = sourcecode.swift; path = ResizableSheetsBootcamp.swift; sourceTree = "<group>"; };
		0BE781BE2C2444DB00EC05E6 /* SafeAreaInsets.swift */ = {isa = PBXFileReference; lastKnownFileType = sourcecode.swift; path = SafeAreaInsets.swift; sourceTree = "<group>"; };
		0BE781C12C24500300EC05E6 /* GroupBootcamp.swift */ = {isa = PBXFileReference; lastKnownFileType = sourcecode.swift; path = GroupBootcamp.swift; sourceTree = "<group>"; };
		0BE781C72C245DEA00EC05E6 /* MenuBootcamp.swift */ = {isa = PBXFileReference; lastKnownFileType = sourcecode.swift; path = MenuBootcamp.swift; sourceTree = "<group>"; };
		0BE781CA2C247D8900EC05E6 /* PopoverBootcamp.swift */ = {isa = PBXFileReference; lastKnownFileType = sourcecode.swift; path = PopoverBootcamp.swift; sourceTree = "<group>"; };
		0BE781CD2C24870B00EC05E6 /* AnyLayoutBootcamp.swift */ = {isa = PBXFileReference; lastKnownFileType = sourcecode.swift; path = AnyLayoutBootcamp.swift; sourceTree = "<group>"; };
		0BE781D02C248E8700EC05E6 /* ViewThatFitsBootcamp.swift */ = {isa = PBXFileReference; lastKnownFileType = sourcecode.swift; path = ViewThatFitsBootcamp.swift; sourceTree = "<group>"; };
		0BEB1BDC2C2071BE00255BF0 /* SwipeActionsBootcamp.swift */ = {isa = PBXFileReference; lastKnownFileType = sourcecode.swift; path = SwipeActionsBootcamp.swift; sourceTree = "<group>"; };
		0BEB1BDF2C209E1100255BF0 /* BadgesBootcamp.swift */ = {isa = PBXFileReference; lastKnownFileType = sourcecode.swift; path = BadgesBootcamp.swift; sourceTree = "<group>"; };
		0BEC4D7B2B98D8E800487064 /* ContextMenuBootcamp.swift */ = {isa = PBXFileReference; lastKnownFileType = sourcecode.swift; path = ContextMenuBootcamp.swift; sourceTree = "<group>"; };
		0BEC4D7E2B98F33C00487064 /* TextFieldBootcamp.swift */ = {isa = PBXFileReference; lastKnownFileType = sourcecode.swift; path = TextFieldBootcamp.swift; sourceTree = "<group>"; };
		0BEC4D812B98FD7F00487064 /* TextEditorBootcamp.swift */ = {isa = PBXFileReference; lastKnownFileType = sourcecode.swift; path = TextEditorBootcamp.swift; sourceTree = "<group>"; };
		0BF81FE12B5ECF130017DF91 /* Spacer_Bootcamp.swift */ = {isa = PBXFileReference; lastKnownFileType = sourcecode.swift; path = Spacer_Bootcamp.swift; sourceTree = "<group>"; };
		0BF81FE42B5ED15C0017DF91 /* InitsAndEmuns.swift */ = {isa = PBXFileReference; lastKnownFileType = sourcecode.swift; path = InitsAndEmuns.swift; sourceTree = "<group>"; };
		0BF81FE72B5EDDB90017DF91 /* ForEachBootcamp.swift */ = {isa = PBXFileReference; lastKnownFileType = sourcecode.swift; path = ForEachBootcamp.swift; sourceTree = "<group>"; };
		0BF81FEA2B5EEF5D0017DF91 /* ScrollViewBootcamp.swift */ = {isa = PBXFileReference; lastKnownFileType = sourcecode.swift; path = ScrollViewBootcamp.swift; sourceTree = "<group>"; };
		0BFF079F2BB0443500C892DB /* AppStorageBootcamp.swift */ = {isa = PBXFileReference; lastKnownFileType = sourcecode.swift; path = AppStorageBootcamp.swift; sourceTree = "<group>"; };
/* End PBXFileReference section */

/* Begin PBXFrameworksBuildPhase section */
		0B5B02AC2B4A879100C97EA8 /* Frameworks */ = {
			isa = PBXFrameworksBuildPhase;
			buildActionMask = 2147483647;
			files = (
			);
			runOnlyForDeploymentPostprocessing = 0;
		};
/* End PBXFrameworksBuildPhase section */

/* Begin PBXGroup section */
		0B0457DD2C1F285000E341EF /* 53-Text Selection */ = {
			isa = PBXGroup;
			children = (
				0B0457DE2C1F286D00E341EF /* TextSelectionBootcamp.swift */,
			);
			path = "53-Text Selection";
			sourceTree = "<group>";
		};
		0B051D722C205D0800C7802E /* 54-Button Styles */ = {
			isa = PBXGroup;
			children = (
				0B051D732C205D2E00C7802E /* ButtonStylesBootcamp.swift */,
			);
			path = "54-Button Styles";
			sourceTree = "<group>";
		};
		0B072BD02B5433F100242201 /* 9-Stacks */ = {
			isa = PBXGroup;
			children = (
				0B072BD12B54340000242201 /* Stacks.swift */,
			);
			path = "9-Stacks";
			sourceTree = "<group>";
		};
		0B072BD32B543EB200242201 /* 10-Padding */ = {
			isa = PBXGroup;
			children = (
				0B072BD42B543ED000242201 /* Padding.swift */,
			);
			path = "10-Padding";
			sourceTree = "<group>";
		};
		0B0828642B73457A007E6A58 /* 21-Binding */ = {
			isa = PBXGroup;
			children = (
				0B0828652B734591007E6A58 /* BindingBootcamp.swift */,
			);
			path = "21-Binding";
			sourceTree = "<group>";
		};
		0B0828672B7354E7007E6A58 /* 22-Condtional Statement */ = {
			isa = PBXGroup;
			children = (
				0B0828682B735505007E6A58 /* ConditionalBootcamp.swift */,
			);
			path = "22-Condtional Statement";
			sourceTree = "<group>";
		};
		0B13C9CD2B9DE59000984A6C /* 44-onAppear onDisappear */ = {
			isa = PBXGroup;
			children = (
				0B13C9CE2B9DE5D100984A6C /* OnAppearBootcamp.swift */,
			);
			path = "44-onAppear onDisappear";
			sourceTree = "<group>";
		};
		0B200DF12C458BE700BFDD93 /* Beginner Level */ = {
			isa = PBXGroup;
			children = (
				0BB5D3C62B5192E3003A45AA /* 1-Text */,
				0BB5D3C72B5192F6003A45AA /* 2-Shapes */,
				0BB5D3C82B5192FD003A45AA /* 3-Colors */,
				0BB5D3C92B519309003A45AA /* 4-Gradients */,
				0B2DD8372B51D1BE002401EB /* 5-SystemIcons */,
				0B2DD83A2B51D9FC002401EB /* 6-Images */,
				0B51617A2B52F320002913EE /* 7-Frame */,
				0B51617D2B5302E7002913EE /* 8-Background and Overlay */,
				0B072BD02B5433F100242201 /* 9-Stacks */,
				0B072BD32B543EB200242201 /* 10-Padding */,
				0BC5F8C72B5D75C500315C1A /* 11-Spacer */,
				0BF81FE32B5ED1410017DF91 /* 12-Inits and Emuns */,
				0BF81FE62B5ED9520017DF91 /* 13-For Each */,
				0BF81FE92B5EEF450017DF91 /* 14-Scroll View */,
				0B2F78FB2B5F8DD400016AD0 /* 15-Grids */,
				0BD8FBC72B66AD4A00424BB6 /* 16-Safe Area */,
				0BD8FBCA2B66B68E00424BB6 /* 17-Button */,
				0B3CEE892B6FE181002FB591 /* 18-State */,
				0B3CEE8C2B6FF0B6002FB591 /* 19-Extracting functions and Subviews */,
				0B3CEE8F2B6FF6C6002FB591 /* 20-Extracting Views */,
				0B0828642B73457A007E6A58 /* 21-Binding */,
				0B0828672B7354E7007E6A58 /* 22-Condtional Statement */,
				0BA509362B8B2D1E00546313 /* 23-Ternary Operators */,
				0BA509392B8B462000546313 /* 24-Animations */,
				0BA5093D2B8B620100546313 /* 25-Transitions */,
				0BC7C9FE2B8B87CF00E3AE5F /* 26-Sheets */,
				0BC7CA022B8B92C600E3AE5F /* 27-Sheet vs Transtion vs Animation */,
				0B755D5F2B8FC2CC004B57EC /* 28-NavigationView */,
				0B7205972B93789A006B6BB9 /* 29-List */,
				0B80D2FC2B964B9300376FF0 /* 30-Alert */,
				0BB37AC12B983F60006DE6D4 /* 31-Action Sheet */,
				0BEC4D7A2B98D8A200487064 /* 32-Context Menu */,
				0BEC4D7D2B98F32400487064 /* 33-TextField */,
				0BEC4D802B98FD4100487064 /* 34-TextEditor */,
				0B8249D22B99AE010034DD01 /* 35-Toggle */,
				0B9120262B9B2BAC0086E593 /* 36-Picker */,
				0B9120292B9B35050086E593 /* 37-Color Picker */,
				0B91202C2B9C87F20086E593 /* 38-Date Picker */,
				0B91202F2B9C91A30086E593 /* 39-Stepper */,
				0B9120322B9C984D0086E593 /* 40-Slider */,
				0B9120352B9CC4900086E593 /* 41-TabView */,
				0B9120382B9D9D490086E593 /* 42-Adapting Dark Mode */,
				0B91203B2B9DB9C40086E593 /* 43-Documentation */,
				0B13C9CD2B9DE59000984A6C /* 44-onAppear onDisappear */,
				0BA2A83C2B9DF49500F14E94 /* 45-Tap Gesture */,
				0B3269BB2BAEFD13004FE1FB /* 46-Custom Model */,
				0B3269BE2BAF179C004FE1FB /* 47-State and Observed Object */,
				0B3269C12BAF2870004FE1FB /* 48-Environment Object */,
				0BFF079E2BB0441600C892DB /* 49-AppStorage */,
				0BB00CE82BB0C1050080B2DE /* 50-User Onboarding */,
				0B9D5E272C1E17F00021597F /* 51-Async Image */,
				0B9D5E2A2C1E1D860021597F /* 52-Background Materials */,
				0B0457DD2C1F285000E341EF /* 53-Text Selection */,
				0B051D722C205D0800C7802E /* 54-Button Styles */,
				0BEB1BDB2C2071AA00255BF0 /* 55-Swipe Actions */,
				0BEB1BDE2C209DF100255BF0 /* 56-Badges */,
				0BE62AC22C22D9F600061C8A /* 57-Focus State */,
				0BE62AC52C22F13B00061C8A /* 58-Keyboard Submit Button */,
				0BE62AC82C22FE3300061C8A /* 59-Navigation Stack */,
				0BE62ACB2C23192100061C8A /* 60-Tool Bar */,
				0BE781BA2C243AB400EC05E6 /* 61-Resizable Sheets */,
				0BE781BD2C2444C000EC05E6 /* 62-Safe Area Insets */,
				0BE781C02C244F8500EC05E6 /* 63-Group */,
				0BE781C62C245DD400EC05E6 /* 64-Menu */,
				0BE781C92C247D6C00EC05E6 /* 65-Popover */,
				0BE781CC2C2486F000EC05E6 /* 66-AnyLayout */,
				0BE781CF2C248BF600EC05E6 /* 67-ViewThatFits */,
				0BD82EE92C26B5F2008E6F96 /* 68-NavigationSplitView */,
				0BE533C62C429B9100A10C36 /* 69-ContentUnavaliableView */,
				0B6559412C429FAD00B82F16 /* 70-Control Group */,
				0BAB03DE2C42AFEC00AD4EBD /* 71-Observable */,
			);
			path = "Beginner Level";
			sourceTree = "<group>";
		};
		0B200DF32C458DAE00BFDD93 /* To-Do App */ = {
			isa = PBXGroup;
			children = (
				0B4F6B202C45BB4900747E5E /* ListView */,
				0B4F6B212C45BB8900747E5E /* AddView */,
			);
			path = "To-Do App";
			sourceTree = "<group>";
		};
		0B200DF42C458DB800BFDD93 /* View */ = {
			isa = PBXGroup;
			children = (
				0B200DF62C458DCC00BFDD93 /* ToDoListView.swift */,
				0B4F6B252C45C58700747E5E /* ToDoListRowView.swift */,
			);
			path = View;
			sourceTree = "<group>";
		};
		0B2DD8372B51D1BE002401EB /* 5-SystemIcons */ = {
			isa = PBXGroup;
			children = (
				0B2DD8382B51D1D1002401EB /* SystemIcons.swift */,
			);
			path = "5-SystemIcons";
			sourceTree = "<group>";
		};
		0B2DD83A2B51D9FC002401EB /* 6-Images */ = {
			isa = PBXGroup;
			children = (
				0B2DD83B2B51DA23002401EB /* Images.swift */,
			);
			path = "6-Images";
			sourceTree = "<group>";
		};
		0B2F78FB2B5F8DD400016AD0 /* 15-Grids */ = {
			isa = PBXGroup;
			children = (
				0B2F78FC2B5F8DEF00016AD0 /* GridsBootcamp.swift */,
			);
			path = "15-Grids";
			sourceTree = "<group>";
		};
		0B3269BB2BAEFD13004FE1FB /* 46-Custom Model */ = {
			isa = PBXGroup;
			children = (
				0B3269BC2BAEFD38004FE1FB /* CustomModelBootcamp.swift */,
			);
			path = "46-Custom Model";
			sourceTree = "<group>";
		};
		0B3269BE2BAF179C004FE1FB /* 47-State and Observed Object */ = {
			isa = PBXGroup;
			children = (
				0B3269BF2BAF17D1004FE1FB /* ViewModelBootcamp.swift */,
			);
			path = "47-State and Observed Object";
			sourceTree = "<group>";
		};
		0B3269C12BAF2870004FE1FB /* 48-Environment Object */ = {
			isa = PBXGroup;
			children = (
				0B3269C22BAF288B004FE1FB /* EnvironmentObjectBootcamp.swift */,
			);
			path = "48-Environment Object";
			sourceTree = "<group>";
		};
		0B3CEE892B6FE181002FB591 /* 18-State */ = {
			isa = PBXGroup;
			children = (
				0B3CEE8A2B6FE9E3002FB591 /* StateBootcamp.swift */,
			);
			path = "18-State";
			sourceTree = "<group>";
		};
		0B3CEE8C2B6FF0B6002FB591 /* 19-Extracting functions and Subviews */ = {
			isa = PBXGroup;
			children = (
				0B3CEE8D2B6FF0F9002FB591 /* ExtractingFunctionsAndSubviewsBootcamp.swift */,
			);
			path = "19-Extracting functions and Subviews";
			sourceTree = "<group>";
		};
		0B3CEE8F2B6FF6C6002FB591 /* 20-Extracting Views */ = {
			isa = PBXGroup;
			children = (
				0B3CEE902B6FF6E1002FB591 /* ExtractingViewsBootcamp.swift */,
			);
			path = "20-Extracting Views";
			sourceTree = "<group>";
		};
		0B3D72C22BB850DA002B06F2 /* Profile View */ = {
			isa = PBXGroup;
			children = (
				0B3D72C32BB850EB002B06F2 /* ProfileView.swift */,
			);
			path = "Profile View";
			sourceTree = "<group>";
		};
		0B4F6B202C45BB4900747E5E /* ListView */ = {
			isa = PBXGroup;
			children = (
				0B200DF42C458DB800BFDD93 /* View */,
			);
			path = ListView;
			sourceTree = "<group>";
		};
		0B4F6B212C45BB8900747E5E /* AddView */ = {
			isa = PBXGroup;
			children = (
				0B4F6B222C45BB9200747E5E /* View */,
			);
			path = AddView;
			sourceTree = "<group>";
		};
		0B4F6B222C45BB9200747E5E /* View */ = {
			isa = PBXGroup;
			children = (
				0B4F6B232C45BBA300747E5E /* ToDoAddView.swift */,
			);
			path = View;
			sourceTree = "<group>";
		};
		0B51617A2B52F320002913EE /* 7-Frame */ = {
			isa = PBXGroup;
			children = (
				0B51617B2B52F332002913EE /* Frame.swift */,
			);
			path = "7-Frame";
			sourceTree = "<group>";
		};
		0B51617D2B5302E7002913EE /* 8-Background and Overlay */ = {
			isa = PBXGroup;
			children = (
				0B51617E2B5302FF002913EE /* BackgroundAndOverlay.swift */,
			);
			path = "8-Background and Overlay";
			sourceTree = "<group>";
		};
		0B5B02A62B4A879100C97EA8 = {
			isa = PBXGroup;
			children = (
				0B5B02B12B4A879100C97EA8 /* SwiftfullThinkingBootcamp */,
				0B5B02B62B4A879200C97EA8 /* Assets.xcassets */,
				0B5B02B22B4A879100C97EA8 /* SwiftfullThinkingBootcampApp.swift */,
				0B5B02B02B4A879100C97EA8 /* Products */,
			);
			sourceTree = "<group>";
		};
		0B5B02B02B4A879100C97EA8 /* Products */ = {
			isa = PBXGroup;
			children = (
				0B5B02AF2B4A879100C97EA8 /* SwiftfullThinkingBootcamp.app */,
			);
			name = Products;
			sourceTree = "<group>";
		};
		0B5B02B12B4A879100C97EA8 /* SwiftfullThinkingBootcamp */ = {
			isa = PBXGroup;
			children = (
				0B200DF12C458BE700BFDD93 /* Beginner Level */,
				0B200DF32C458DAE00BFDD93 /* To-Do App */,
				0B5B02B82B4A879200C97EA8 /* Preview Content */,
			);
			path = SwiftfullThinkingBootcamp;
			sourceTree = "<group>";
		};
		0B5B02B82B4A879200C97EA8 /* Preview Content */ = {
			isa = PBXGroup;
			children = (
				0B5B02B92B4A879200C97EA8 /* Preview Assets.xcassets */,
			);
			path = "Preview Content";
			sourceTree = "<group>";
		};
		0B6559412C429FAD00B82F16 /* 70-Control Group */ = {
			isa = PBXGroup;
			children = (
				0B6559422C429FE800B82F16 /* ControlGroupBootcamp.swift */,
			);
			path = "70-Control Group";
			sourceTree = "<group>";
		};
		0B6ED5522BB16AE100B29ABE /* Onboarding View */ = {
			isa = PBXGroup;
			children = (
				0B6ED5532BB16AF500B29ABE /* OnboardingView.swift */,
			);
			path = "Onboarding View";
			sourceTree = "<group>";
		};
		0B7205972B93789A006B6BB9 /* 29-List */ = {
			isa = PBXGroup;
			children = (
				0B7205982B937950006B6BB9 /* ListBootcamp.swift */,
			);
			path = "29-List";
			sourceTree = "<group>";
		};
		0B755D5F2B8FC2CC004B57EC /* 28-NavigationView */ = {
			isa = PBXGroup;
			children = (
				0B755D602B8FC2F6004B57EC /* NavigationViewBootcamp.swift */,
			);
			path = "28-NavigationView";
			sourceTree = "<group>";
		};
		0B80D2FC2B964B9300376FF0 /* 30-Alert */ = {
			isa = PBXGroup;
			children = (
				0B80D2FD2B964BAB00376FF0 /* AlertBootcamp.swift */,
			);
			path = "30-Alert";
			sourceTree = "<group>";
		};
		0B8249D22B99AE010034DD01 /* 35-Toggle */ = {
			isa = PBXGroup;
			children = (
				0B8249D32B99AE150034DD01 /* ToggleBootcamp.swift */,
			);
			path = "35-Toggle";
			sourceTree = "<group>";
		};
		0B9120262B9B2BAC0086E593 /* 36-Picker */ = {
			isa = PBXGroup;
			children = (
				0B9120272B9B2BBD0086E593 /* PickerBootcamp.swift */,
			);
			path = "36-Picker";
			sourceTree = "<group>";
		};
		0B9120292B9B35050086E593 /* 37-Color Picker */ = {
			isa = PBXGroup;
			children = (
				0B91202A2B9B351A0086E593 /* ColorPickerBootcamp.swift */,
			);
			path = "37-Color Picker";
			sourceTree = "<group>";
		};
		0B91202C2B9C87F20086E593 /* 38-Date Picker */ = {
			isa = PBXGroup;
			children = (
				0B91202D2B9C880A0086E593 /* DatePickerBootcamp.swift */,
			);
			path = "38-Date Picker";
			sourceTree = "<group>";
		};
		0B91202F2B9C91A30086E593 /* 39-Stepper */ = {
			isa = PBXGroup;
			children = (
				0B9120302B9C91BE0086E593 /* StepperBootcamp.swift */,
			);
			path = "39-Stepper";
			sourceTree = "<group>";
		};
		0B9120322B9C984D0086E593 /* 40-Slider */ = {
			isa = PBXGroup;
			children = (
				0B9120332B9C98800086E593 /* SliderBootcamp.swift */,
			);
			path = "40-Slider";
			sourceTree = "<group>";
		};
		0B9120352B9CC4900086E593 /* 41-TabView */ = {
			isa = PBXGroup;
			children = (
				0B9120362B9CC4AA0086E593 /* TabViewBootcamp.swift */,
			);
			path = "41-TabView";
			sourceTree = "<group>";
		};
		0B9120382B9D9D490086E593 /* 42-Adapting Dark Mode */ = {
			isa = PBXGroup;
			children = (
				0B9120392B9D9D670086E593 /* AdaptingDarkMode.swift */,
			);
			path = "42-Adapting Dark Mode";
			sourceTree = "<group>";
		};
		0B91203B2B9DB9C40086E593 /* 43-Documentation */ = {
			isa = PBXGroup;
			children = (
				0B91203C2B9DB9E00086E593 /* DocumentationBootcamp.swift */,
			);
			path = "43-Documentation";
			sourceTree = "<group>";
		};
		0B9D5E272C1E17F00021597F /* 51-Async Image */ = {
			isa = PBXGroup;
			children = (
				0B9D5E282C1E18640021597F /* AsyncImageBootcamp.swift */,
			);
			path = "51-Async Image";
			sourceTree = "<group>";
		};
		0B9D5E2A2C1E1D860021597F /* 52-Background Materials */ = {
			isa = PBXGroup;
			children = (
				0B9D5E2B2C1E1DBF0021597F /* BackgroundMaterialsBootcamp.swift */,
			);
			path = "52-Background Materials";
			sourceTree = "<group>";
		};
		0BA2A83C2B9DF49500F14E94 /* 45-Tap Gesture */ = {
			isa = PBXGroup;
			children = (
				0BA2A83D2B9DF4B800F14E94 /* TapGestureBootcamp.swift */,
			);
			path = "45-Tap Gesture";
			sourceTree = "<group>";
		};
		0BA509362B8B2D1E00546313 /* 23-Ternary Operators */ = {
			isa = PBXGroup;
			children = (
				0BA509372B8B2D4700546313 /* TernaryOperators.swift */,
			);
			path = "23-Ternary Operators";
			sourceTree = "<group>";
		};
		0BA509392B8B462000546313 /* 24-Animations */ = {
			isa = PBXGroup;
			children = (
				0BA5093A2B8B463E00546313 /* AnimationsBootcamp.swift */,
			);
			path = "24-Animations";
			sourceTree = "<group>";
		};
		0BA5093D2B8B620100546313 /* 25-Transitions */ = {
			isa = PBXGroup;
			children = (
				0BA5093E2B8B621F00546313 /* TransitionsBootcamp.swift */,
			);
			path = "25-Transitions";
			sourceTree = "<group>";
		};
		0BAB03DE2C42AFEC00AD4EBD /* 71-Observable */ = {
			isa = PBXGroup;
			children = (
				0BAB03DF2C42B00A00AD4EBD /* ObservableBootcamp.swift */,
			);
			path = "71-Observable";
			sourceTree = "<group>";
		};
		0BB00CE82BB0C1050080B2DE /* 50-User Onboarding */ = {
			isa = PBXGroup;
			children = (
				0BB00CE92BB0C1130080B2DE /* Initial View */,
				0B6ED5522BB16AE100B29ABE /* Onboarding View */,
				0B3D72C22BB850DA002B06F2 /* Profile View */,
			);
			path = "50-User Onboarding";
			sourceTree = "<group>";
		};
		0BB00CE92BB0C1130080B2DE /* Initial View */ = {
			isa = PBXGroup;
			children = (
				0BB00CEA2BB0C1350080B2DE /* InitialView.swift */,
			);
			path = "Initial View";
			sourceTree = "<group>";
		};
		0BB37AC12B983F60006DE6D4 /* 31-Action Sheet */ = {
			isa = PBXGroup;
			children = (
				0BB37AC22B983F7F006DE6D4 /* ActionSheetBootcamp.swift */,
			);
			path = "31-Action Sheet";
			sourceTree = "<group>";
		};
		0BB5D3C62B5192E3003A45AA /* 1-Text */ = {
			isa = PBXGroup;
			children = (
				0B5B02B42B4A879100C97EA8 /* ContentView.swift */,
			);
			path = "1-Text";
			sourceTree = "<group>";
		};
		0BB5D3C72B5192F6003A45AA /* 2-Shapes */ = {
			isa = PBXGroup;
			children = (
				0B5B02C02B4AA19A00C97EA8 /* ShapesBootcamp.swift */,
			);
			path = "2-Shapes";
			sourceTree = "<group>";
		};
		0BB5D3C82B5192FD003A45AA /* 3-Colors */ = {
			isa = PBXGroup;
			children = (
				0B5B02C22B4ABAA700C97EA8 /* ColorsBootcamp.swift */,
			);
			path = "3-Colors";
			sourceTree = "<group>";
		};
		0BB5D3C92B519309003A45AA /* 4-Gradients */ = {
			isa = PBXGroup;
			children = (
				0B2DD8352B51CA84002401EB /* Gradients.swift */,
			);
			path = "4-Gradients";
			sourceTree = "<group>";
		};
		0BC5F8C72B5D75C500315C1A /* 11-Spacer */ = {
			isa = PBXGroup;
			children = (
				0BF81FE12B5ECF130017DF91 /* Spacer_Bootcamp.swift */,
			);
			path = "11-Spacer";
			sourceTree = "<group>";
		};
		0BC7C9FE2B8B87CF00E3AE5F /* 26-Sheets */ = {
			isa = PBXGroup;
			children = (
				0BC7CA002B8B882400E3AE5F /* SheetBootcamp.swift */,
			);
			path = "26-Sheets";
			sourceTree = "<group>";
		};
		0BC7CA022B8B92C600E3AE5F /* 27-Sheet vs Transtion vs Animation */ = {
			isa = PBXGroup;
			children = (
				0BC7CA032B8B935A00E3AE5F /* SheetVsTransitionVsAnimation.swift */,
			);
			path = "27-Sheet vs Transtion vs Animation";
			sourceTree = "<group>";
		};
		0BD82EE92C26B5F2008E6F96 /* 68-NavigationSplitView */ = {
			isa = PBXGroup;
			children = (
				0BD82EEA2C26B639008E6F96 /* NavigationSplitViewBootcamp.swift */,
			);
			path = "68-NavigationSplitView";
			sourceTree = "<group>";
		};
		0BD8FBC72B66AD4A00424BB6 /* 16-Safe Area */ = {
			isa = PBXGroup;
			children = (
				0BD8FBC82B66B2C800424BB6 /* SafeAreaBootcamp.swift */,
			);
			path = "16-Safe Area";
			sourceTree = "<group>";
		};
		0BD8FBCA2B66B68E00424BB6 /* 17-Button */ = {
			isa = PBXGroup;
			children = (
				0BD8FBCB2B66B69E00424BB6 /* ButtonBootcamp.swift */,
			);
			path = "17-Button";
			sourceTree = "<group>";
		};
		0BE533C62C429B9100A10C36 /* 69-ContentUnavaliableView */ = {
			isa = PBXGroup;
			children = (
				0B65593F2C429BD700B82F16 /* ContentUnavaliableViewBootcamp.swift */,
			);
			path = "69-ContentUnavaliableView";
			sourceTree = "<group>";
		};
		0BE62AC22C22D9F600061C8A /* 57-Focus State */ = {
			isa = PBXGroup;
			children = (
				0BE62AC32C22DA1F00061C8A /* FocusStateBootcamp.swift */,
			);
			path = "57-Focus State";
			sourceTree = "<group>";
		};
		0BE62AC52C22F13B00061C8A /* 58-Keyboard Submit Button */ = {
			isa = PBXGroup;
			children = (
				0BE62AC62C22F16B00061C8A /* SubmitButtonBootcamp.swift */,
			);
			path = "58-Keyboard Submit Button";
			sourceTree = "<group>";
		};
		0BE62AC82C22FE3300061C8A /* 59-Navigation Stack */ = {
			isa = PBXGroup;
			children = (
				0BE62AC92C22FE7B00061C8A /* NavigationStackBootcamp.swift */,
			);
			path = "59-Navigation Stack";
			sourceTree = "<group>";
		};
		0BE62ACB2C23192100061C8A /* 60-Tool Bar */ = {
			isa = PBXGroup;
			children = (
				0BE62ACC2C23194300061C8A /* ToolBarBootcamp.swift */,
			);
			path = "60-Tool Bar";
			sourceTree = "<group>";
		};
		0BE781BA2C243AB400EC05E6 /* 61-Resizable Sheets */ = {
			isa = PBXGroup;
			children = (
				0BE781BB2C243AE600EC05E6 /* ResizableSheetsBootcamp.swift */,
			);
			path = "61-Resizable Sheets";
			sourceTree = "<group>";
		};
		0BE781BD2C2444C000EC05E6 /* 62-Safe Area Insets */ = {
			isa = PBXGroup;
			children = (
				0BE781BE2C2444DB00EC05E6 /* SafeAreaInsets.swift */,
			);
			path = "62-Safe Area Insets";
			sourceTree = "<group>";
		};
		0BE781C02C244F8500EC05E6 /* 63-Group */ = {
			isa = PBXGroup;
			children = (
				0BE781C12C24500300EC05E6 /* GroupBootcamp.swift */,
			);
			path = "63-Group";
			sourceTree = "<group>";
		};
		0BE781C62C245DD400EC05E6 /* 64-Menu */ = {
			isa = PBXGroup;
			children = (
				0BE781C72C245DEA00EC05E6 /* MenuBootcamp.swift */,
			);
			path = "64-Menu";
			sourceTree = "<group>";
		};
		0BE781C92C247D6C00EC05E6 /* 65-Popover */ = {
			isa = PBXGroup;
			children = (
				0BE781CA2C247D8900EC05E6 /* PopoverBootcamp.swift */,
			);
			path = "65-Popover";
			sourceTree = "<group>";
		};
		0BE781CC2C2486F000EC05E6 /* 66-AnyLayout */ = {
			isa = PBXGroup;
			children = (
				0BE781CD2C24870B00EC05E6 /* AnyLayoutBootcamp.swift */,
			);
			path = "66-AnyLayout";
			sourceTree = "<group>";
		};
		0BE781CF2C248BF600EC05E6 /* 67-ViewThatFits */ = {
			isa = PBXGroup;
			children = (
				0BE781D02C248E8700EC05E6 /* ViewThatFitsBootcamp.swift */,
			);
			path = "67-ViewThatFits";
			sourceTree = "<group>";
		};
		0BEB1BDB2C2071AA00255BF0 /* 55-Swipe Actions */ = {
			isa = PBXGroup;
			children = (
				0BEB1BDC2C2071BE00255BF0 /* SwipeActionsBootcamp.swift */,
			);
			path = "55-Swipe Actions";
			sourceTree = "<group>";
		};
		0BEB1BDE2C209DF100255BF0 /* 56-Badges */ = {
			isa = PBXGroup;
			children = (
				0BEB1BDF2C209E1100255BF0 /* BadgesBootcamp.swift */,
			);
			path = "56-Badges";
			sourceTree = "<group>";
		};
		0BEC4D7A2B98D8A200487064 /* 32-Context Menu */ = {
			isa = PBXGroup;
			children = (
				0BEC4D7B2B98D8E800487064 /* ContextMenuBootcamp.swift */,
			);
			path = "32-Context Menu";
			sourceTree = "<group>";
		};
		0BEC4D7D2B98F32400487064 /* 33-TextField */ = {
			isa = PBXGroup;
			children = (
				0BEC4D7E2B98F33C00487064 /* TextFieldBootcamp.swift */,
			);
			path = "33-TextField";
			sourceTree = "<group>";
		};
		0BEC4D802B98FD4100487064 /* 34-TextEditor */ = {
			isa = PBXGroup;
			children = (
				0BEC4D812B98FD7F00487064 /* TextEditorBootcamp.swift */,
			);
			path = "34-TextEditor";
			sourceTree = "<group>";
		};
		0BF81FE32B5ED1410017DF91 /* 12-Inits and Emuns */ = {
			isa = PBXGroup;
			children = (
				0BF81FE42B5ED15C0017DF91 /* InitsAndEmuns.swift */,
			);
			path = "12-Inits and Emuns";
			sourceTree = "<group>";
		};
		0BF81FE62B5ED9520017DF91 /* 13-For Each */ = {
			isa = PBXGroup;
			children = (
				0BF81FE72B5EDDB90017DF91 /* ForEachBootcamp.swift */,
			);
			path = "13-For Each";
			sourceTree = "<group>";
		};
		0BF81FE92B5EEF450017DF91 /* 14-Scroll View */ = {
			isa = PBXGroup;
			children = (
				0BF81FEA2B5EEF5D0017DF91 /* ScrollViewBootcamp.swift */,
			);
			path = "14-Scroll View";
			sourceTree = "<group>";
		};
		0BFF079E2BB0441600C892DB /* 49-AppStorage */ = {
			isa = PBXGroup;
			children = (
				0BFF079F2BB0443500C892DB /* AppStorageBootcamp.swift */,
			);
			path = "49-AppStorage";
			sourceTree = "<group>";
		};
/* End PBXGroup section */

/* Begin PBXNativeTarget section */
		0B5B02AE2B4A879100C97EA8 /* SwiftfullThinkingBootcamp */ = {
			isa = PBXNativeTarget;
			buildConfigurationList = 0B5B02BD2B4A879200C97EA8 /* Build configuration list for PBXNativeTarget "SwiftfullThinkingBootcamp" */;
			buildPhases = (
				0B5B02AB2B4A879100C97EA8 /* Sources */,
				0B5B02AC2B4A879100C97EA8 /* Frameworks */,
				0B5B02AD2B4A879100C97EA8 /* Resources */,
			);
			buildRules = (
			);
			dependencies = (
			);
			name = SwiftfullThinkingBootcamp;
			productName = SwiftfullThinkingBootcamp;
			productReference = 0B5B02AF2B4A879100C97EA8 /* SwiftfullThinkingBootcamp.app */;
			productType = "com.apple.product-type.application";
		};
/* End PBXNativeTarget section */

/* Begin PBXProject section */
		0B5B02A72B4A879100C97EA8 /* Project object */ = {
			isa = PBXProject;
			attributes = {
				BuildIndependentTargetsInParallel = 1;
				LastSwiftUpdateCheck = 1510;
				LastUpgradeCheck = 1510;
				TargetAttributes = {
					0B5B02AE2B4A879100C97EA8 = {
						CreatedOnToolsVersion = 15.1;
					};
				};
			};
			buildConfigurationList = 0B5B02AA2B4A879100C97EA8 /* Build configuration list for PBXProject "SwiftfullThinkingBootcamp" */;
			compatibilityVersion = "Xcode 14.0";
			developmentRegion = en;
			hasScannedForEncodings = 0;
			knownRegions = (
				en,
				Base,
			);
			mainGroup = 0B5B02A62B4A879100C97EA8;
			productRefGroup = 0B5B02B02B4A879100C97EA8 /* Products */;
			projectDirPath = "";
			projectRoot = "";
			targets = (
				0B5B02AE2B4A879100C97EA8 /* SwiftfullThinkingBootcamp */,
			);
		};
/* End PBXProject section */

/* Begin PBXResourcesBuildPhase section */
		0B5B02AD2B4A879100C97EA8 /* Resources */ = {
			isa = PBXResourcesBuildPhase;
			buildActionMask = 2147483647;
			files = (
				0B5B02BA2B4A879200C97EA8 /* Preview Assets.xcassets in Resources */,
				0B5B02B72B4A879200C97EA8 /* Assets.xcassets in Resources */,
			);
			runOnlyForDeploymentPostprocessing = 0;
		};
/* End PBXResourcesBuildPhase section */

/* Begin PBXSourcesBuildPhase section */
		0B5B02AB2B4A879100C97EA8 /* Sources */ = {
			isa = PBXSourcesBuildPhase;
			buildActionMask = 2147483647;
			files = (
				0B6559432C429FE800B82F16 /* ControlGroupBootcamp.swift in Sources */,
				0BE781CB2C247D8900EC05E6 /* PopoverBootcamp.swift in Sources */,
				0B91202E2B9C880A0086E593 /* DatePickerBootcamp.swift in Sources */,
				0BB37AC32B983F7F006DE6D4 /* ActionSheetBootcamp.swift in Sources */,
				0B072BD22B54340000242201 /* Stacks.swift in Sources */,
				0BE62ACA2C22FE7B00061C8A /* NavigationStackBootcamp.swift in Sources */,
				0B9D5E2C2C1E1DBF0021597F /* BackgroundMaterialsBootcamp.swift in Sources */,
				0B2DD83C2B51DA23002401EB /* Images.swift in Sources */,
				0B0828692B735505007E6A58 /* ConditionalBootcamp.swift in Sources */,
				0BF81FE22B5ECF130017DF91 /* Spacer_Bootcamp.swift in Sources */,
				0BB00CEB2BB0C1350080B2DE /* InitialView.swift in Sources */,
				0BA5093B2B8B463E00546313 /* AnimationsBootcamp.swift in Sources */,
				0B8249D42B99AE150034DD01 /* ToggleBootcamp.swift in Sources */,
				0B51617C2B52F332002913EE /* Frame.swift in Sources */,
				0B3D72C42BB850EB002B06F2 /* ProfileView.swift in Sources */,
				0B91203D2B9DB9E00086E593 /* DocumentationBootcamp.swift in Sources */,
				0BD8FBCC2B66B69E00424BB6 /* ButtonBootcamp.swift in Sources */,
				0B0457DF2C1F286D00E341EF /* TextSelectionBootcamp.swift in Sources */,
				0BE781C22C24500300EC05E6 /* GroupBootcamp.swift in Sources */,
				0B5B02B52B4A879100C97EA8 /* ContentView.swift in Sources */,
				0B3CEE8B2B6FE9E3002FB591 /* StateBootcamp.swift in Sources */,
				0B2DD8392B51D1D1002401EB /* SystemIcons.swift in Sources */,
				0B3269C32BAF288B004FE1FB /* EnvironmentObjectBootcamp.swift in Sources */,
				0B2DD8362B51CA84002401EB /* Gradients.swift in Sources */,
				0B80D2FE2B964BAB00376FF0 /* AlertBootcamp.swift in Sources */,
				0B051D742C205D2E00C7802E /* ButtonStylesBootcamp.swift in Sources */,
				0BE781BF2C2444DB00EC05E6 /* SafeAreaInsets.swift in Sources */,
				0BA5093F2B8B621F00546313 /* TransitionsBootcamp.swift in Sources */,
				0BE62ACD2C23194300061C8A /* ToolBarBootcamp.swift in Sources */,
				0B3269BD2BAEFD38004FE1FB /* CustomModelBootcamp.swift in Sources */,
				0B4F6B242C45BBA300747E5E /* ToDoAddView.swift in Sources */,
				0BA2A83E2B9DF4B800F14E94 /* TapGestureBootcamp.swift in Sources */,
				0B3269C02BAF17D1004FE1FB /* ViewModelBootcamp.swift in Sources */,
				0B3CEE912B6FF6E1002FB591 /* ExtractingViewsBootcamp.swift in Sources */,
				0BC7CA012B8B882400E3AE5F /* SheetBootcamp.swift in Sources */,
				0B3CEE8E2B6FF0F9002FB591 /* ExtractingFunctionsAndSubviewsBootcamp.swift in Sources */,
				0B9120372B9CC4AA0086E593 /* TabViewBootcamp.swift in Sources */,
				0BEC4D7C2B98D8E800487064 /* ContextMenuBootcamp.swift in Sources */,
				0BEC4D7F2B98F33C00487064 /* TextFieldBootcamp.swift in Sources */,
				0B5B02C12B4AA19A00C97EA8 /* ShapesBootcamp.swift in Sources */,
				0B755D612B8FC2F6004B57EC /* NavigationViewBootcamp.swift in Sources */,
				0B9D5E292C1E18640021597F /* AsyncImageBootcamp.swift in Sources */,
				0BD8FBC92B66B2C800424BB6 /* SafeAreaBootcamp.swift in Sources */,
				0BEC4D822B98FD7F00487064 /* TextEditorBootcamp.swift in Sources */,
				0B5B02C32B4ABAA700C97EA8 /* ColorsBootcamp.swift in Sources */,
				0BFF07A02BB0443500C892DB /* AppStorageBootcamp.swift in Sources */,
				0B9120282B9B2BBD0086E593 /* PickerBootcamp.swift in Sources */,
				0BE781CE2C24870B00EC05E6 /* AnyLayoutBootcamp.swift in Sources */,
				0B0828662B734591007E6A58 /* BindingBootcamp.swift in Sources */,
				0BEB1BDD2C2071BE00255BF0 /* SwipeActionsBootcamp.swift in Sources */,
				0B7205992B937950006B6BB9 /* ListBootcamp.swift in Sources */,
				0B6ED5542BB16AF500B29ABE /* OnboardingView.swift in Sources */,
				0BC7CA042B8B935A00E3AE5F /* SheetVsTransitionVsAnimation.swift in Sources */,
				0B91203A2B9D9D670086E593 /* AdaptingDarkMode.swift in Sources */,
				0B51617F2B5302FF002913EE /* BackgroundAndOverlay.swift in Sources */,
				0BEB1BE02C209E1100255BF0 /* BadgesBootcamp.swift in Sources */,
				0BE781C82C245DEA00EC05E6 /* MenuBootcamp.swift in Sources */,
				0B9120342B9C98800086E593 /* SliderBootcamp.swift in Sources */,
				0BD82EEB2C26B639008E6F96 /* NavigationSplitViewBootcamp.swift in Sources */,
				0B4F6B262C45C58700747E5E /* ToDoListRowView.swift in Sources */,
				0B072BD52B543ED000242201 /* Padding.swift in Sources */,
				0B9120312B9C91BE0086E593 /* StepperBootcamp.swift in Sources */,
				0BF81FE82B5EDDB90017DF91 /* ForEachBootcamp.swift in Sources */,
				0B13C9CF2B9DE5D100984A6C /* OnAppearBootcamp.swift in Sources */,
				0BE62AC72C22F16B00061C8A /* SubmitButtonBootcamp.swift in Sources */,
				0B2F78FD2B5F8DEF00016AD0 /* GridsBootcamp.swift in Sources */,
				0BF81FEB2B5EEF5D0017DF91 /* ScrollViewBootcamp.swift in Sources */,
				0BAB03E02C42B00A00AD4EBD /* ObservableBootcamp.swift in Sources */,
				0BE781BC2C243AE600EC05E6 /* ResizableSheetsBootcamp.swift in Sources */,
				0B6559402C429BD700B82F16 /* ContentUnavaliableViewBootcamp.swift in Sources */,
				0B91202B2B9B351A0086E593 /* ColorPickerBootcamp.swift in Sources */,
				0B200DF72C458DCC00BFDD93 /* ToDoListView.swift in Sources */,
				0BA509382B8B2D4700546313 /* TernaryOperators.swift in Sources */,
				0BE781D12C248E8700EC05E6 /* ViewThatFitsBootcamp.swift in Sources */,
				0BE62AC42C22DA1F00061C8A /* FocusStateBootcamp.swift in Sources */,
				0BF81FE52B5ED15C0017DF91 /* InitsAndEmuns.swift in Sources */,
				0B5B02B32B4A879100C97EA8 /* SwiftfullThinkingBootcampApp.swift in Sources */,
			);
			runOnlyForDeploymentPostprocessing = 0;
		};
/* End PBXSourcesBuildPhase section */

/* Begin XCBuildConfiguration section */
		0B5B02BB2B4A879200C97EA8 /* Debug */ = {
			isa = XCBuildConfiguration;
			buildSettings = {
				ALWAYS_SEARCH_USER_PATHS = NO;
				ASSETCATALOG_COMPILER_GENERATE_SWIFT_ASSET_SYMBOL_EXTENSIONS = YES;
				CLANG_ANALYZER_NONNULL = YES;
				CLANG_ANALYZER_NUMBER_OBJECT_CONVERSION = YES_AGGRESSIVE;
				CLANG_CXX_LANGUAGE_STANDARD = "gnu++20";
				CLANG_ENABLE_MODULES = YES;
				CLANG_ENABLE_OBJC_ARC = YES;
				CLANG_ENABLE_OBJC_WEAK = YES;
				CLANG_WARN_BLOCK_CAPTURE_AUTORELEASING = YES;
				CLANG_WARN_BOOL_CONVERSION = YES;
				CLANG_WARN_COMMA = YES;
				CLANG_WARN_CONSTANT_CONVERSION = YES;
				CLANG_WARN_DEPRECATED_OBJC_IMPLEMENTATIONS = YES;
				CLANG_WARN_DIRECT_OBJC_ISA_USAGE = YES_ERROR;
				CLANG_WARN_DOCUMENTATION_COMMENTS = YES;
				CLANG_WARN_EMPTY_BODY = YES;
				CLANG_WARN_ENUM_CONVERSION = YES;
				CLANG_WARN_INFINITE_RECURSION = YES;
				CLANG_WARN_INT_CONVERSION = YES;
				CLANG_WARN_NON_LITERAL_NULL_CONVERSION = YES;
				CLANG_WARN_OBJC_IMPLICIT_RETAIN_SELF = YES;
				CLANG_WARN_OBJC_LITERAL_CONVERSION = YES;
				CLANG_WARN_OBJC_ROOT_CLASS = YES_ERROR;
				CLANG_WARN_QUOTED_INCLUDE_IN_FRAMEWORK_HEADER = YES;
				CLANG_WARN_RANGE_LOOP_ANALYSIS = YES;
				CLANG_WARN_STRICT_PROTOTYPES = YES;
				CLANG_WARN_SUSPICIOUS_MOVE = YES;
				CLANG_WARN_UNGUARDED_AVAILABILITY = YES_AGGRESSIVE;
				CLANG_WARN_UNREACHABLE_CODE = YES;
				CLANG_WARN__DUPLICATE_METHOD_MATCH = YES;
				COPY_PHASE_STRIP = NO;
				DEBUG_INFORMATION_FORMAT = dwarf;
				ENABLE_STRICT_OBJC_MSGSEND = YES;
				ENABLE_TESTABILITY = YES;
				ENABLE_USER_SCRIPT_SANDBOXING = YES;
				GCC_C_LANGUAGE_STANDARD = gnu17;
				GCC_DYNAMIC_NO_PIC = NO;
				GCC_NO_COMMON_BLOCKS = YES;
				GCC_OPTIMIZATION_LEVEL = 0;
				GCC_PREPROCESSOR_DEFINITIONS = (
					"DEBUG=1",
					"$(inherited)",
				);
				GCC_WARN_64_TO_32_BIT_CONVERSION = YES;
				GCC_WARN_ABOUT_RETURN_TYPE = YES_ERROR;
				GCC_WARN_UNDECLARED_SELECTOR = YES;
				GCC_WARN_UNINITIALIZED_AUTOS = YES_AGGRESSIVE;
				GCC_WARN_UNUSED_FUNCTION = YES;
				GCC_WARN_UNUSED_VARIABLE = YES;
				IPHONEOS_DEPLOYMENT_TARGET = 17.2;
				LOCALIZATION_PREFERS_STRING_CATALOGS = YES;
				MTL_ENABLE_DEBUG_INFO = INCLUDE_SOURCE;
				MTL_FAST_MATH = YES;
				ONLY_ACTIVE_ARCH = YES;
				SDKROOT = iphoneos;
				SWIFT_ACTIVE_COMPILATION_CONDITIONS = "DEBUG $(inherited)";
				SWIFT_OPTIMIZATION_LEVEL = "-Onone";
			};
			name = Debug;
		};
		0B5B02BC2B4A879200C97EA8 /* Release */ = {
			isa = XCBuildConfiguration;
			buildSettings = {
				ALWAYS_SEARCH_USER_PATHS = NO;
				ASSETCATALOG_COMPILER_GENERATE_SWIFT_ASSET_SYMBOL_EXTENSIONS = YES;
				CLANG_ANALYZER_NONNULL = YES;
				CLANG_ANALYZER_NUMBER_OBJECT_CONVERSION = YES_AGGRESSIVE;
				CLANG_CXX_LANGUAGE_STANDARD = "gnu++20";
				CLANG_ENABLE_MODULES = YES;
				CLANG_ENABLE_OBJC_ARC = YES;
				CLANG_ENABLE_OBJC_WEAK = YES;
				CLANG_WARN_BLOCK_CAPTURE_AUTORELEASING = YES;
				CLANG_WARN_BOOL_CONVERSION = YES;
				CLANG_WARN_COMMA = YES;
				CLANG_WARN_CONSTANT_CONVERSION = YES;
				CLANG_WARN_DEPRECATED_OBJC_IMPLEMENTATIONS = YES;
				CLANG_WARN_DIRECT_OBJC_ISA_USAGE = YES_ERROR;
				CLANG_WARN_DOCUMENTATION_COMMENTS = YES;
				CLANG_WARN_EMPTY_BODY = YES;
				CLANG_WARN_ENUM_CONVERSION = YES;
				CLANG_WARN_INFINITE_RECURSION = YES;
				CLANG_WARN_INT_CONVERSION = YES;
				CLANG_WARN_NON_LITERAL_NULL_CONVERSION = YES;
				CLANG_WARN_OBJC_IMPLICIT_RETAIN_SELF = YES;
				CLANG_WARN_OBJC_LITERAL_CONVERSION = YES;
				CLANG_WARN_OBJC_ROOT_CLASS = YES_ERROR;
				CLANG_WARN_QUOTED_INCLUDE_IN_FRAMEWORK_HEADER = YES;
				CLANG_WARN_RANGE_LOOP_ANALYSIS = YES;
				CLANG_WARN_STRICT_PROTOTYPES = YES;
				CLANG_WARN_SUSPICIOUS_MOVE = YES;
				CLANG_WARN_UNGUARDED_AVAILABILITY = YES_AGGRESSIVE;
				CLANG_WARN_UNREACHABLE_CODE = YES;
				CLANG_WARN__DUPLICATE_METHOD_MATCH = YES;
				COPY_PHASE_STRIP = NO;
				DEBUG_INFORMATION_FORMAT = "dwarf-with-dsym";
				ENABLE_NS_ASSERTIONS = NO;
				ENABLE_STRICT_OBJC_MSGSEND = YES;
				ENABLE_USER_SCRIPT_SANDBOXING = YES;
				GCC_C_LANGUAGE_STANDARD = gnu17;
				GCC_NO_COMMON_BLOCKS = YES;
				GCC_WARN_64_TO_32_BIT_CONVERSION = YES;
				GCC_WARN_ABOUT_RETURN_TYPE = YES_ERROR;
				GCC_WARN_UNDECLARED_SELECTOR = YES;
				GCC_WARN_UNINITIALIZED_AUTOS = YES_AGGRESSIVE;
				GCC_WARN_UNUSED_FUNCTION = YES;
				GCC_WARN_UNUSED_VARIABLE = YES;
				IPHONEOS_DEPLOYMENT_TARGET = 17.2;
				LOCALIZATION_PREFERS_STRING_CATALOGS = YES;
				MTL_ENABLE_DEBUG_INFO = NO;
				MTL_FAST_MATH = YES;
				SDKROOT = iphoneos;
				SWIFT_COMPILATION_MODE = wholemodule;
				VALIDATE_PRODUCT = YES;
			};
			name = Release;
		};
		0B5B02BE2B4A879200C97EA8 /* Debug */ = {
			isa = XCBuildConfiguration;
			buildSettings = {
				ASSETCATALOG_COMPILER_APPICON_NAME = AppIcon;
				ASSETCATALOG_COMPILER_GLOBAL_ACCENT_COLOR_NAME = AccentColor;
				CODE_SIGN_STYLE = Automatic;
				CURRENT_PROJECT_VERSION = 1;
				DEVELOPMENT_ASSET_PATHS = "\"SwiftfullThinkingBootcamp/Preview Content\"";
				DEVELOPMENT_TEAM = DM7SGDQ3NN;
				ENABLE_PREVIEWS = YES;
				GENERATE_INFOPLIST_FILE = YES;
				INFOPLIST_KEY_UIApplicationSceneManifest_Generation = YES;
				INFOPLIST_KEY_UIApplicationSupportsIndirectInputEvents = YES;
				INFOPLIST_KEY_UILaunchScreen_Generation = YES;
				INFOPLIST_KEY_UISupportedInterfaceOrientations_iPad = "UIInterfaceOrientationPortrait UIInterfaceOrientationPortraitUpsideDown UIInterfaceOrientationLandscapeLeft UIInterfaceOrientationLandscapeRight";
				INFOPLIST_KEY_UISupportedInterfaceOrientations_iPhone = "UIInterfaceOrientationPortrait UIInterfaceOrientationLandscapeLeft UIInterfaceOrientationLandscapeRight";
				LD_RUNPATH_SEARCH_PATHS = (
					"$(inherited)",
					"@executable_path/Frameworks",
				);
				MARKETING_VERSION = 1.0;
				PRODUCT_BUNDLE_IDENTIFIER = com.nadiFurkanAcikgoz.SwiftfullThinkingBootcamp;
				PRODUCT_NAME = "$(TARGET_NAME)";
				SWIFT_EMIT_LOC_STRINGS = YES;
				SWIFT_VERSION = 5.0;
				TARGETED_DEVICE_FAMILY = "1,2";
			};
			name = Debug;
		};
		0B5B02BF2B4A879200C97EA8 /* Release */ = {
			isa = XCBuildConfiguration;
			buildSettings = {
				ASSETCATALOG_COMPILER_APPICON_NAME = AppIcon;
				ASSETCATALOG_COMPILER_GLOBAL_ACCENT_COLOR_NAME = AccentColor;
				CODE_SIGN_STYLE = Automatic;
				CURRENT_PROJECT_VERSION = 1;
				DEVELOPMENT_ASSET_PATHS = "\"SwiftfullThinkingBootcamp/Preview Content\"";
				DEVELOPMENT_TEAM = DM7SGDQ3NN;
				ENABLE_PREVIEWS = YES;
				GENERATE_INFOPLIST_FILE = YES;
				INFOPLIST_KEY_UIApplicationSceneManifest_Generation = YES;
				INFOPLIST_KEY_UIApplicationSupportsIndirectInputEvents = YES;
				INFOPLIST_KEY_UILaunchScreen_Generation = YES;
				INFOPLIST_KEY_UISupportedInterfaceOrientations_iPad = "UIInterfaceOrientationPortrait UIInterfaceOrientationPortraitUpsideDown UIInterfaceOrientationLandscapeLeft UIInterfaceOrientationLandscapeRight";
				INFOPLIST_KEY_UISupportedInterfaceOrientations_iPhone = "UIInterfaceOrientationPortrait UIInterfaceOrientationLandscapeLeft UIInterfaceOrientationLandscapeRight";
				LD_RUNPATH_SEARCH_PATHS = (
					"$(inherited)",
					"@executable_path/Frameworks",
				);
				MARKETING_VERSION = 1.0;
				PRODUCT_BUNDLE_IDENTIFIER = com.nadiFurkanAcikgoz.SwiftfullThinkingBootcamp;
				PRODUCT_NAME = "$(TARGET_NAME)";
				SWIFT_EMIT_LOC_STRINGS = YES;
				SWIFT_VERSION = 5.0;
				TARGETED_DEVICE_FAMILY = "1,2";
			};
			name = Release;
		};
/* End XCBuildConfiguration section */

/* Begin XCConfigurationList section */
		0B5B02AA2B4A879100C97EA8 /* Build configuration list for PBXProject "SwiftfullThinkingBootcamp" */ = {
			isa = XCConfigurationList;
			buildConfigurations = (
				0B5B02BB2B4A879200C97EA8 /* Debug */,
				0B5B02BC2B4A879200C97EA8 /* Release */,
			);
			defaultConfigurationIsVisible = 0;
			defaultConfigurationName = Release;
		};
		0B5B02BD2B4A879200C97EA8 /* Build configuration list for PBXNativeTarget "SwiftfullThinkingBootcamp" */ = {
			isa = XCConfigurationList;
			buildConfigurations = (
				0B5B02BE2B4A879200C97EA8 /* Debug */,
				0B5B02BF2B4A879200C97EA8 /* Release */,
			);
			defaultConfigurationIsVisible = 0;
			defaultConfigurationName = Release;
		};
/* End XCConfigurationList section */
	};
	rootObject = 0B5B02A72B4A879100C97EA8 /* Project object */;
}
